
Microsoft Visual Studio Solution File, Format Version 12.00
# Visual Studio 15
VisualStudioVersion = 15.0.26430.15
MinimumVisualStudioVersion = 10.0.40219.1
Project("{FAE04EC0-301F-11D3-BF4B-00C04F79EFBC}") = "TableStorageClient", "TableStorageTest\TableStorageClient.csproj", "{94D69289-3E2F-4A8D-95E3-03A2003C4CED}"
EndProject
Project("{FAE04EC0-301F-11D3-BF4B-00C04F79EFBC}") = "TableStorage.Test", "TableStorage.Test\TableStorage.Test.csproj", "{2C0B9ED5-79D6-4F63-9943-7D96CBA0405A}"
EndProject
Project("{FAE04EC0-301F-11D3-BF4B-00C04F79EFBC}") = "WordAPIClient", "WordAPIClient\WordAPIClient.csproj", "{2357BF5C-500A-4D45-A017-0DB64EECB556}"
EndProject
Project("{FAE04EC0-301F-11D3-BF4B-00C04F79EFBC}") = "WordAPIClient.Test", "WordAPIClient.Test\WordAPIClient.Test.csproj", "{B6A2BDBC-497D-44BE-ADA1-78E5D485FDD0}"
EndProject
Project("{2150E333-8FDC-42A3-9474-1A3956D46DE8}") = "WordAPI", "WordAPI", "{5B579BB7-6097-49DF-9495-D697189D1370}"
EndProject
Project("{2150E333-8FDC-42A3-9474-1A3956D46DE8}") = "pressmon", "pressmon", "{FBB47591-CF66-45E9-8DE0-99F72AD19D94}"
EndProject
Project("{FAE04EC0-301F-11D3-BF4B-00C04F79EFBC}") = "PressmonClient", "PressmonClient\PressmonClient.csproj", "{7E7F0FD1-2899-409D-8C8B-BAC42C1510BB}"
EndProject
Project("{FAE04EC0-301F-11D3-BF4B-00C04F79EFBC}") = "PressmonClient.Test", "PressmonClient.Test\PressmonClient.Test.csproj", "{4E20C485-8006-41EC-9AC5-AC381FCAD183}"
EndProject
Project("{2150E333-8FDC-42A3-9474-1A3956D46DE8}") = "Wikitionary", "Wikitionary", "{429C77EB-F00A-4267-867B-4CAA366A3521}"
EndProject
Project("{FAE04EC0-301F-11D3-BF4B-00C04F79EFBC}") = "WikitionaryClient", "WikitionaryClient\WikitionaryClient.csproj", "{9B59DB3E-AD7D-4730-B14C-19581E846F58}"
EndProject
Project("{FAE04EC0-301F-11D3-BF4B-00C04F79EFBC}") = "WikitionaryClient.Test", "WikitionaryClient.Test\WikitionaryClient.Test.csproj", "{D692D610-2F31-4EBD-8706-BAAA9A683A29}"
EndProject
Project("{FAE04EC0-301F-11D3-BF4B-00C04F79EFBC}") = "BingAPIClient", "BingAPIClient\BingAPIClient.csproj", "{054464D6-EECF-47E3-B399-4CCEE05D5804}"
EndProject
Project("{2150E333-8FDC-42A3-9474-1A3956D46DE8}") = "BingAPI", "BingAPI", "{12446096-4E6C-4ED8-B326-9C3DB1F1A67E}"
EndProject
Project("{FAE04EC0-301F-11D3-BF4B-00C04F79EFBC}") = "BingAPIClient.Test", "BingAPIClient.Test\BingAPIClient.Test.csproj", "{6E0767F9-001C-4E49-A29A-3DD13634A655}"
EndProject
Project("{2150E333-8FDC-42A3-9474-1A3956D46DE8}") = "TableStorage", "TableStorage", "{03137C3E-CCA9-4801-9E7B-CC3E3028D628}"
EndProject
Global
	GlobalSection(SolutionConfigurationPlatforms) = preSolution
		Debug|Any CPU = Debug|Any CPU
		Release|Any CPU = Release|Any CPU
	EndGlobalSection
	GlobalSection(ProjectConfigurationPlatforms) = postSolution
		{94D69289-3E2F-4A8D-95E3-03A2003C4CED}.Debug|Any CPU.ActiveCfg = Debug|Any CPU
		{94D69289-3E2F-4A8D-95E3-03A2003C4CED}.Debug|Any CPU.Build.0 = Debug|Any CPU
		{94D69289-3E2F-4A8D-95E3-03A2003C4CED}.Release|Any CPU.ActiveCfg = Release|Any CPU
		{94D69289-3E2F-4A8D-95E3-03A2003C4CED}.Release|Any CPU.Build.0 = Release|Any CPU
		{2C0B9ED5-79D6-4F63-9943-7D96CBA0405A}.Debug|Any CPU.ActiveCfg = Debug|Any CPU
		{2C0B9ED5-79D6-4F63-9943-7D96CBA0405A}.Debug|Any CPU.Build.0 = Debug|Any CPU
		{2C0B9ED5-79D6-4F63-9943-7D96CBA0405A}.Release|Any CPU.ActiveCfg = Release|Any CPU
		{2C0B9ED5-79D6-4F63-9943-7D96CBA0405A}.Release|Any CPU.Build.0 = Release|Any CPU
		{2357BF5C-500A-4D45-A017-0DB64EECB556}.Debug|Any CPU.ActiveCfg = Debug|Any CPU
		{2357BF5C-500A-4D45-A017-0DB64EECB556}.Debug|Any CPU.Build.0 = Debug|Any CPU
		{2357BF5C-500A-4D45-A017-0DB64EECB556}.Release|Any CPU.ActiveCfg = Release|Any CPU
		{2357BF5C-500A-4D45-A017-0DB64EECB556}.Release|Any CPU.Build.0 = Release|Any CPU
		{B6A2BDBC-497D-44BE-ADA1-78E5D485FDD0}.Debug|Any CPU.ActiveCfg = Debug|Any CPU
		{B6A2BDBC-497D-44BE-ADA1-78E5D485FDD0}.Debug|Any CPU.Build.0 = Debug|Any CPU
		{B6A2BDBC-497D-44BE-ADA1-78E5D485FDD0}.Release|Any CPU.ActiveCfg = Release|Any CPU
		{B6A2BDBC-497D-44BE-ADA1-78E5D485FDD0}.Release|Any CPU.Build.0 = Release|Any CPU
		{7E7F0FD1-2899-409D-8C8B-BAC42C1510BB}.Debug|Any CPU.ActiveCfg = Debug|Any CPU
		{7E7F0FD1-2899-409D-8C8B-BAC42C1510BB}.Debug|Any CPU.Build.0 = Debug|Any CPU
		{7E7F0FD1-2899-409D-8C8B-BAC42C1510BB}.Release|Any CPU.ActiveCfg = Release|Any CPU
		{7E7F0FD1-2899-409D-8C8B-BAC42C1510BB}.Release|Any CPU.Build.0 = Release|Any CPU
		{4E20C485-8006-41EC-9AC5-AC381FCAD183}.Debug|Any CPU.ActiveCfg = Debug|Any CPU
		{4E20C485-8006-41EC-9AC5-AC381FCAD183}.Debug|Any CPU.Build.0 = Debug|Any CPU
		{4E20C485-8006-41EC-9AC5-AC381FCAD183}.Release|Any CPU.ActiveCfg = Release|Any CPU
		{4E20C485-8006-41EC-9AC5-AC381FCAD183}.Release|Any CPU.Build.0 = Release|Any CPU
		{9B59DB3E-AD7D-4730-B14C-19581E846F58}.Debug|Any CPU.ActiveCfg = Debug|Any CPU
		{9B59DB3E-AD7D-4730-B14C-19581E846F58}.Debug|Any CPU.Build.0 = Debug|Any CPU
		{9B59DB3E-AD7D-4730-B14C-19581E846F58}.Release|Any CPU.ActiveCfg = Release|Any CPU
		{9B59DB3E-AD7D-4730-B14C-19581E846F58}.Release|Any CPU.Build.0 = Release|Any CPU
		{D692D610-2F31-4EBD-8706-BAAA9A683A29}.Debug|Any CPU.ActiveCfg = Debug|Any CPU
		{D692D610-2F31-4EBD-8706-BAAA9A683A29}.Debug|Any CPU.Build.0 = Debug|Any CPU
		{D692D610-2F31-4EBD-8706-BAAA9A683A29}.Release|Any CPU.ActiveCfg = Release|Any CPU
		{D692D610-2F31-4EBD-8706-BAAA9A683A29}.Release|Any CPU.Build.0 = Release|Any CPU
		{054464D6-EECF-47E3-B399-4CCEE05D5804}.Debug|Any CPU.ActiveCfg = Debug|Any CPU
		{054464D6-EECF-47E3-B399-4CCEE05D5804}.Debug|Any CPU.Build.0 = Debug|Any CPU
		{054464D6-EECF-47E3-B399-4CCEE05D5804}.Release|Any CPU.ActiveCfg = Release|Any CPU
		{054464D6-EECF-47E3-B399-4CCEE05D5804}.Release|Any CPU.Build.0 = Release|Any CPU
		{6E0767F9-001C-4E49-A29A-3DD13634A655}.Debug|Any CPU.ActiveCfg = Debug|Any CPU
		{6E0767F9-001C-4E49-A29A-3DD13634A655}.Debug|Any CPU.Build.0 = Debug|Any CPU
		{6E0767F9-001C-4E49-A29A-3DD13634A655}.Release|Any CPU.ActiveCfg = Release|Any CPU
		{6E0767F9-001C-4E49-A29A-3DD13634A655}.Release|Any CPU.Build.0 = Release|Any CPU
	EndGlobalSection
	GlobalSection(SolutionProperties) = preSolution
		HideSolutionNode = FALSE
	EndGlobalSection
	GlobalSection(NestedProjects) = preSolution
		{94D69289-3E2F-4A8D-95E3-03A2003C4CED} = {03137C3E-CCA9-4801-9E7B-CC3E3028D628}
		{2C0B9ED5-79D6-4F63-9943-7D96CBA0405A} = {03137C3E-CCA9-4801-9E7B-CC3E3028D628}
		{2357BF5C-500A-4D45-A017-0DB64EECB556} = {5B579BB7-6097-49DF-9495-D697189D1370}
		{B6A2BDBC-497D-44BE-ADA1-78E5D485FDD0} = {5B579BB7-6097-49DF-9495-D697189D1370}
		{7E7F0FD1-2899-409D-8C8B-BAC42C1510BB} = {FBB47591-CF66-45E9-8DE0-99F72AD19D94}
		{4E20C485-8006-41EC-9AC5-AC381FCAD183} = {FBB47591-CF66-45E9-8DE0-99F72AD19D94}
		{9B59DB3E-AD7D-4730-B14C-19581E846F58} = {429C77EB-F00A-4267-867B-4CAA366A3521}
		{D692D610-2F31-4EBD-8706-BAAA9A683A29} = {429C77EB-F00A-4267-867B-4CAA366A3521}
		{054464D6-EECF-47E3-B399-4CCEE05D5804} = {12446096-4E6C-4ED8-B326-9C3DB1F1A67E}
		{6E0767F9-001C-4E49-A29A-3DD13634A655} = {12446096-4E6C-4ED8-B326-9C3DB1F1A67E}
	EndGlobalSection
EndGlobal
